// !$*UTF8*$!
{
	archiveVersion = 1;
	classes = {
	};
	objectVersion = 46;
	objects = {

/* Begin PBXBuildFile section */
		C54DA3AD1F418073006F0D65 /* DBCameraButton.m in Sources */ = {isa = PBXBuildFile; fileRef = C54DA3AC1F418073006F0D65 /* DBCameraButton.m */; };
		C5EFF7F01F370BAD003DE8F5 /* main.m in Sources */ = {isa = PBXBuildFile; fileRef = C5EFF7EF1F370BAD003DE8F5 /* main.m */; };
		C5EFF7F31F370BAD003DE8F5 /* AppDelegate.m in Sources */ = {isa = PBXBuildFile; fileRef = C5EFF7F21F370BAD003DE8F5 /* AppDelegate.m */; };
		C5EFF7F91F370BAE003DE8F5 /* Main.storyboard in Resources */ = {isa = PBXBuildFile; fileRef = C5EFF7F71F370BAE003DE8F5 /* Main.storyboard */; };
		C5EFF7FB1F370BAE003DE8F5 /* Assets.xcassets in Resources */ = {isa = PBXBuildFile; fileRef = C5EFF7FA1F370BAE003DE8F5 /* Assets.xcassets */; };
		C5EFF7FE1F370BAE003DE8F5 /* LaunchScreen.storyboard in Resources */ = {isa = PBXBuildFile; fileRef = C5EFF7FC1F370BAE003DE8F5 /* LaunchScreen.storyboard */; };
/* End PBXBuildFile section */

/* Begin PBXFileReference section */
		C54DA3AB1F418073006F0D65 /* DBCameraButton.h */ = {isa = PBXFileReference; fileEncoding = 4; lastKnownFileType = sourcecode.c.h; name = DBCameraButton.h; path = ../../Classes/DBCameraButton.h; sourceTree = "<group>"; };
		C54DA3AC1F418073006F0D65 /* DBCameraButton.m */ = {isa = PBXFileReference; fileEncoding = 4; lastKnownFileType = sourcecode.c.objc; name = DBCameraButton.m; path = ../../Classes/DBCameraButton.m; sourceTree = "<group>"; };
		C5EFF7EB1F370BAD003DE8F5 /* DBCameraButton.app */ = {isa = PBXFileReference; explicitFileType = wrapper.application; includeInIndex = 0; path = DBCameraButton.app; sourceTree = BUILT_PRODUCTS_DIR; };
		C5EFF7EF1F370BAD003DE8F5 /* main.m */ = {isa = PBXFileReference; lastKnownFileType = sourcecode.c.objc; path = main.m; sourceTree = "<group>"; };
		C5EFF7F11F370BAD003DE8F5 /* AppDelegate.h */ = {isa = PBXFileReference; lastKnownFileType = sourcecode.c.h; path = AppDelegate.h; sourceTree = "<group>"; };
		C5EFF7F21F370BAD003DE8F5 /* AppDelegate.m */ = {isa = PBXFileReference; lastKnownFileType = sourcecode.c.objc; path = AppDelegate.m; sourceTree = "<group>"; };
		C5EFF7F81F370BAE003DE8F5 /* Base */ = {isa = PBXFileReference; lastKnownFileType = file.storyboard; name = Base; path = Base.lproj/Main.storyboard; sourceTree = "<group>"; };
		C5EFF7FA1F370BAE003DE8F5 /* Assets.xcassets */ = {isa = PBXFileReference; lastKnownFileType = folder.assetcatalog; path = Assets.xcassets; sourceTree = "<group>"; };
		C5EFF7FD1F370BAE003DE8F5 /* Base */ = {isa = PBXFileReference; lastKnownFileType = file.storyboard; name = Base; path = Base.lproj/LaunchScreen.storyboard; sourceTree = "<group>"; };
		C5EFF7FF1F370BAE003DE8F5 /* Info.plist */ = {isa = PBXFileReference; lastKnownFileType = text.plist.xml; path = Info.plist; sourceTree = "<group>"; };
/* End PBXFileReference section */

/* Begin PBXFrameworksBuildPhase section */
		C5EFF7E81F370BAD003DE8F5 /* Frameworks */ = {
			isa = PBXFrameworksBuildPhase;
			buildActionMask = 2147483647;
			files = (
			);
			runOnlyForDeploymentPostprocessing = 0;
		};
/* End PBXFrameworksBuildPhase section */

/* Begin PBXGroup section */
		C5EFF7E21F370BAD003DE8F5 = {
			isa = PBXGroup;
			children = (
				C5EFF7ED1F370BAD003DE8F5 /* DBCameraButton */,
				C5EFF7EC1F370BAD003DE8F5 /* Products */,
			);
			sourceTree = "<group>";
		};
		C5EFF7EC1F370BAD003DE8F5 /* Products */ = {
			isa = PBXGroup;
			children = (
				C5EFF7EB1F370BAD003DE8F5 /* DBCameraButton.app */,
			);
			name = Products;
			sourceTree = "<group>";
		};
		C5EFF7ED1F370BAD003DE8F5 /* DBCameraButton */ = {
			isa = PBXGroup;
			children = (
				C54DA3AB1F418073006F0D65 /* DBCameraButton.h */,
				C54DA3AC1F418073006F0D65 /* DBCameraButton.m */,
				C5EFF7F11F370BAD003DE8F5 /* AppDelegate.h */,
				C5EFF7F21F370BAD003DE8F5 /* AppDelegate.m */,
				C5EFF7F71F370BAE003DE8F5 /* Main.storyboard */,
				C5EFF7FC1F370BAE003DE8F5 /* LaunchScreen.storyboard */,
				C5EFF7FA1F370BAE003DE8F5 /* Assets.xcassets */,
				C5EFF7FF1F370BAE003DE8F5 /* Info.plist */,
				C5EFF7EE1F370BAD003DE8F5 /* Supporting Files */,
			);
			path = DBCameraButton;
			sourceTree = "<group>";
		};
		C5EFF7EE1F370BAD003DE8F5 /* Supporting Files */ = {
			isa = PBXGroup;
			children = (
				C5EFF7EF1F370BAD003DE8F5 /* main.m */,
			);
			name = "Supporting Files";
			sourceTree = "<group>";
		};
/* End PBXGroup section */

/* Begin PBXNativeTarget section */
		C5EFF7EA1F370BAD003DE8F5 /* DBCameraButton */ = {
			isa = PBXNativeTarget;
			buildConfigurationList = C5EFF8021F370BAE003DE8F5 /* Build configuration list for PBXNativeTarget "DBCameraButton" */;
			buildPhases = (
				C5EFF7E71F370BAD003DE8F5 /* Sources */,
				C5EFF7E81F370BAD003DE8F5 /* Frameworks */,
				C5EFF7E91F370BAD003DE8F5 /* Resources */,
			);
			buildRules = (
			);
			dependencies = (
			);
			name = DBCameraButton;
			productName = DBCameraButton;
			productReference = C5EFF7EB1F370BAD003DE8F5 /* DBCameraButton.app */;
			productType = "com.apple.product-type.application";
		};
/* End PBXNativeTarget section */

/* Begin PBXProject section */
		C5EFF7E31F370BAD003DE8F5 /* Project object */ = {
			isa = PBXProject;
			attributes = {
				LastUpgradeCheck = 0830;
				ORGANIZATIONNAME = "Dmitry Byankin";
				TargetAttributes = {
					C5EFF7EA1F370BAD003DE8F5 = {
						CreatedOnToolsVersion = 8.3.2;
						ProvisioningStyle = Automatic;
					};
				};
			};
			buildConfigurationList = C5EFF7E61F370BAD003DE8F5 /* Build configuration list for PBXProject "DBCameraButton" */;
			compatibilityVersion = "Xcode 3.2";
			developmentRegion = English;
			hasScannedForEncodings = 0;
			knownRegions = (
				en,
				Base,
			);
			mainGroup = C5EFF7E21F370BAD003DE8F5;
			productRefGroup = C5EFF7EC1F370BAD003DE8F5 /* Products */;
			projectDirPath = "";
			projectRoot = "";
			targets = (
				C5EFF7EA1F370BAD003DE8F5 /* DBCameraButton */,
			);
		};
/* End PBXProject section */

/* Begin PBXResourcesBuildPhase section */
		C5EFF7E91F370BAD003DE8F5 /* Resources */ = {
			isa = PBXResourcesBuildPhase;
			buildActionMask = 2147483647;
			files = (
				C5EFF7FE1F370BAE003DE8F5 /* LaunchScreen.storyboard in Resources */,
				C5EFF7FB1F370BAE003DE8F5 /* Assets.xcassets in Resources */,
				C5EFF7F91F370BAE003DE8F5 /* Main.storyboard in Resources */,
			);
			runOnlyForDeploymentPostprocessing = 0;
		};
/* End PBXResourcesBuildPhase section */

/* Begin PBXSourcesBuildPhase section */
		C5EFF7E71F370BAD003DE8F5 /* Sources */ = {
			isa = PBXSourcesBuildPhase;
			buildActionMask = 2147483647;
			files = (
				C5EFF7F31F370BAD003DE8F5 /* AppDelegate.m in Sources */,
				C54DA3AD1F418073006F0D65 /* DBCameraButton.m in Sources */,
				C5EFF7F01F370BAD003DE8F5 /* main.m in Sources */,
			);
			runOnlyForDeploymentPostprocessing = 0;
		};
/* End PBXSourcesBuildPhase section */

/* Begin PBXVariantGroup section */
		C5EFF7F71F370BAE003DE8F5 /* Main.storyboard */ = {
			isa = PBXVariantGroup;
			children = (
				C5EFF7F81F370BAE003DE8F5 /* Base */,
			);
			name = Main.storyboard;
			sourceTree = "<group>";
		};
		C5EFF7FC1F370BAE003DE8F5 /* LaunchScreen.storyboard */ = {
			isa = PBXVariantGroup;
			children = (
				C5EFF7FD1F370BAE003DE8F5 /* Base */,
			);
			name = LaunchScreen.storyboard;
			sourceTree = "<group>";
		};
/* End PBXVariantGroup section */

/* Begin XCBuildConfiguration section */
		C5EFF8001F370BAE003DE8F5 /* Debug */ = {
			isa = XCBuildConfiguration;
			buildSettings = {
				ALWAYS_SEARCH_USER_PATHS = NO;
				CLANG_ANALYZER_NONNULL = YES;
				CLANG_ANALYZER_NUMBER_OBJECT_CONVERSION = YES_AGGRESSIVE;
				CLANG_CXX_LANGUAGE_STANDARD = "gnu++0x";
				CLANG_CXX_LIBRARY = "libc++";
				CLANG_ENABLE_MODULES = YES;
				CLANG_ENABLE_OBJC_ARC = YES;
				CLANG_WARN_BOOL_CONVERSION = YES;
				CLANG_WARN_CONSTANT_CONVERSION = YES;
				CLANG_WARN_DIRECT_OBJC_ISA_USAGE = YES_ERROR;
				CLANG_WARN_DOCUMENTATION_COMMENTS = YES;
				CLANG_WARN_EMPTY_BODY = YES;
				CLANG_WARN_ENUM_CONVERSION = YES;
				CLANG_WARN_INFINITE_RECURSION = YES;
				CLANG_WARN_INT_CONVERSION = YES;
				CLANG_WARN_OBJC_ROOT_CLASS = YES_ERROR;
				CLANG_WARN_SUSPICIOUS_MOVE = YES;
				CLANG_WARN_UNREACHABLE_CODE = YES;
				CLANG_WARN__DUPLICATE_METHOD_MATCH = YES;
				"CODE_SIGN_IDENTITY[sdk=iphoneos*]" = "iPhone Developer";
				COPY_PHASE_STRIP = NO;
				DEBUG_INFORMATION_FORMAT = dwarf;
				ENABLE_STRICT_OBJC_MSGSEND = YES;
				ENABLE_TESTABILITY = YES;
				GCC_C_LANGUAGE_STANDARD = gnu99;
				GCC_DYNAMIC_NO_PIC = NO;
				GCC_NO_COMMON_BLOCKS = YES;
				GCC_OPTIMIZATION_LEVEL = 0;
				GCC_PREPROCESSOR_DEFINITIONS = (
					"DEBUG=1",
					"$(inherited)",
				);
				GCC_WARN_64_TO_32_BIT_CONVERSION = YES;
				GCC_WARN_ABOUT_RETURN_TYPE = YES_ERROR;
				GCC_WARN_UNDECLARED_SELECTOR = YES;
				GCC_WARN_UNINITIALIZED_AUTOS = YES_AGGRESSIVE;
				GCC_WARN_UNUSED_FUNCTION = YES;
				GCC_WARN_UNUSED_VARIABLE = YES;
				IPHONEOS_DEPLOYMENT_TARGET = 10.3;
				MTL_ENABLE_DEBUG_INFO = YES;
				ONLY_ACTIVE_ARCH = YES;
				SDKROOT = iphoneos;
				TARGETED_DEVICE_FAMILY = "1,2";
			};
			name = Debug;
		};
		C5EFF8011F370BAE003DE8F5 /* Release */ = {
			isa = XCBuildConfiguration;
			buildSettings = {
				ALWAYS_SEARCH_USER_PATHS = NO;
				CLANG_ANALYZER_NONNULL = YES;
				CLANG_ANALYZER_NUMBER_OBJECT_CONVERSION = YES_AGGRESSIVE;
				CLANG_CXX_LANGUAGE_STANDARD = "gnu++0x";
				CLANG_CXX_LIBRARY = "libc++";
				CLANG_ENABLE_MODULES = YES;
				CLANG_ENABLE_OBJC_ARC = YES;
				CLANG_WARN_BOOL_CONVERSION = YES;
				CLANG_WARN_CONSTANT_CONVERSION = YES;
				CLANG_WARN_DIRECT_OBJC_ISA_USAGE = YES_ERROR;
				CLANG_WARN_DOCUMENTATION_COMMENTS = YES;
				CLANG_WARN_EMPTY_BODY = YES;
				CLANG_WARN_ENUM_CONVERSION = YES;
				CLANG_WARN_INFINITE_RECURSION = YES;
				CLANG_WARN_INT_CONVERSION = YES;
				CLANG_WARN_OBJC_ROOT_CLASS = YES_ERROR;
				CLANG_WARN_SUSPICIOUS_MOVE = YES;
				CLANG_WARN_UNREACHABLE_CODE = YES;
				CLANG_WARN__DUPLICATE_METHOD_MATCH = YES;
				"CODE_SIGN_IDENTITY[sdk=iphoneos*]" = "iPhone Developer";
				COPY_PHASE_STRIP = NO;
				DEBUG_INFORMATION_FORMAT = "dwarf-with-dsym";
				ENABLE_NS_ASSERTIONS = NO;
				ENABLE_STRICT_OBJC_MSGSEND = YES;
				GCC_C_LANGUAGE_STANDARD = gnu99;
				GCC_NO_COMMON_BLOCKS = YES;
				GCC_WARN_64_TO_32_BIT_CONVERSION = YES;
				GCC_WARN_ABOUT_RETURN_TYPE = YES_ERROR;
				GCC_WARN_UNDECLARED_SELECTOR = YES;
				GCC_WARN_UNINITIALIZED_AUTOS = YES_AGGRESSIVE;
				GCC_WARN_UNUSED_FUNCTION = YES;
				GCC_WARN_UNUSED_VARIABLE = YES;
				IPHONEOS_DEPLOYMENT_TARGET = 10.3;
				MTL_ENABLE_DEBUG_INFO = NO;
				SDKROOT = iphoneos;
				TARGETED_DEVICE_FAMILY = "1,2";
				VALIDATE_PRODUCT = YES;
			};
			name = Release;
		};
		C5EFF8031F370BAE003DE8F5 /* Debug */ = {
			isa = XCBuildConfiguration;
			buildSettings = {
				ASSETCATALOG_COMPILER_APPICON_NAME = AppIcon;
				INFOPLIST_FILE = DBCameraButton/Info.plist;
				IPHONEOS_DEPLOYMENT_TARGET = 9.0;
				LD_RUNPATH_SEARCH_PATHS = "$(inherited) @executable_path/Frameworks";
				PRODUCT_BUNDLE_IDENTIFIER = immago.DBCameraButton;
				PRODUCT_NAME = "$(TARGET_NAME)";
			};
			name = Debug;
		};
		C5EFF8041F370BAE003DE8F5 /* Release */ = {
			isa = XCBuildConfiguration;
			buildSettings = {
				ASSETCATALOG_COMPILER_APPICON_NAME = AppIcon;
				INFOPLIST_FILE = DBCameraButton/Info.plist;
				IPHONEOS_DEPLOYMENT_TARGET = 9.0;
				LD_RUNPATH_SEARCH_PATHS = "$(inherited) @executable_path/Frameworks";
				PRODUCT_BUNDLE_IDENTIFIER = immago.DBCameraButton;
				PRODUCT_NAME = "$(TARGET_NAME)";
			};
			name = Release;
		};
/* End XCBuildConfiguration section */

/* Begin XCConfigurationList section */
		C5EFF7E61F370BAD003DE8F5 /* Build configuration list for PBXProject "DBCameraButton" */ = {
			isa = XCConfigurationList;
			buildConfigurations = (
				C5EFF8001F370BAE003DE8F5 /* Debug */,
				C5EFF8011F370BAE003DE8F5 /* Release */,
			);
			defaultConfigurationIsVisible = 0;
			defaultConfigurationName = Release;
		};
		C5EFF8021F370BAE003DE8F5 /* Build configuration list for PBXNativeTarget "DBCameraButton" */ = {
			isa = XCConfigurationList;
			buildConfigurations = (
				C5EFF8031F370BAE003DE8F5 /* Debug */,
				C5EFF8041F370BAE003DE8F5 /* Release */,
			);
			defaultConfigurationIsVisible = 0;
			defaultConfigurationName = Release;
		};
/* End XCConfigurationList section */
	};
	rootObject = C5EFF7E31F370BAD003DE8F5 /* Project object */;
}
